Microsoft Visual Studio Solution File, Format Version 11.00
# Visual Studio 2008

Project("{E8189F8C-62DA-945B-C6F6-818DCE7F5D74}") = "CardboardWaveViewer", "Assembly-CSharp-firstpass.csproj", "{9E958B7E-5E48-FA19-CFF2-6367403E9CAA}"
EndProject
Project("{E8189F8C-62DA-945B-C6F6-818DCE7F5D74}") = "CardboardWaveViewer", "Assembly-CSharp.csproj", "{AA437089-4D5A-B82E-E6A9-C90A50DEA146}"
EndProject
Project("{E8189F8C-62DA-945B-C6F6-818DCE7F5D74}") = "CardboardWaveViewer", "Assembly-CSharp-Editor.csproj", "{9CAFEC30-A931-4B21-4987-657F319FC5DA}"
EndProject
Global
	GlobalSection(SolutionConfigurationPlatforms) = preSolution
		Debug|Any CPU = Debug|Any CPU
		Release|Any CPU = Release|Any CPU
	EndGlobalSection
	GlobalSection(ProjectConfigurationPlatforms) = postSolution
		{9E958B7E-5E48-FA19-CFF2-6367403E9CAA}.Debug|Any CPU.ActiveCfg = Debug|Any CPU
		{9E958B7E-5E48-FA19-CFF2-6367403E9CAA}.Debug|Any CPU.Build.0 = Debug|Any CPU
		{9E958B7E-5E48-FA19-CFF2-6367403E9CAA}.Release|Any CPU.ActiveCfg = Release|Any CPU
		{9E958B7E-5E48-FA19-CFF2-6367403E9CAA}.Release|Any CPU.Build.0 = Release|Any CPU
		{AA437089-4D5A-B82E-E6A9-C90A50DEA146}.Debug|Any CPU.ActiveCfg = Debug|Any CPU
		{AA437089-4D5A-B82E-E6A9-C90A50DEA146}.Debug|Any CPU.Build.0 = Debug|Any CPU
		{AA437089-4D5A-B82E-E6A9-C90A50DEA146}.Release|Any CPU.ActiveCfg = Release|Any CPU
		{AA437089-4D5A-B82E-E6A9-C90A50DEA146}.Release|Any CPU.Build.0 = Release|Any CPU
		{9CAFEC30-A931-4B21-4987-657F319FC5DA}.Debug|Any CPU.ActiveCfg = Debug|Any CPU
		{9CAFEC30-A931-4B21-4987-657F319FC5DA}.Debug|Any CPU.Build.0 = Debug|Any CPU
		{9CAFEC30-A931-4B21-4987-657F319FC5DA}.Release|Any CPU.ActiveCfg = Release|Any CPU
		{9CAFEC30-A931-4B21-4987-657F319FC5DA}.Release|Any CPU.Build.0 = Release|Any CPU
	EndGlobalSection
	GlobalSection(SolutionProperties) = preSolution
		HideSolutionNode = FALSE
	EndGlobalSection
	
EndGlobal
